
Microsoft Visual Studio Solution File, Format Version 12.00
# Visual Studio Version 16
VisualStudioVersion = 16.0.31025.194
MinimumVisualStudioVersion = 10.0.40219.1
Project("{FAE04EC0-301F-11D3-BF4B-00C04F79EFBC}") = "WpfApp3", "WpfApp3\WpfApp3.csproj", "{AB1832FA-65DB-4A28-942D-F793A2A8B1A0}"
EndProject
Global
	GlobalSection(SolutionConfigurationPlatforms) = preSolution
		Debug|Any CPU = Debug|Any CPU
		Release|Any CPU = Release|Any CPU
	EndGlobalSection
	GlobalSection(ProjectConfigurationPlatforms) = postSolution
		{AB1832FA-65DB-4A28-942D-F793A2A8B1A0}.Debug|Any CPU.ActiveCfg = Debug|Any CPU
		{AB1832FA-65DB-4A28-942D-F793A2A8B1A0}.Debug|Any CPU.Build.0 = Debug|Any CPU
		{AB1832FA-65DB-4A28-942D-F793A2A8B1A0}.Release|Any CPU.ActiveCfg = Release|Any CPU
		{AB1832FA-65DB-4A28-942D-F793A2A8B1A0}.Release|Any CPU.Build.0 = Release|Any CPU
	EndGlobalSection
	GlobalSection(SolutionProperties) = preSolution
		HideSolutionNode = FALSE
	EndGlobalSection
	GlobalSection(ExtensibilityGlobals) = postSolution
		SolutionGuid = {289611B0-E010-4B8B-B27B-DE43D6684BEB}
	EndGlobalSection
EndGlobal
